PODS:
  - FBSnapshotTestCase (2.1.4):
    - FBSnapshotTestCase/SwiftSupport (= 2.1.4)
  - FBSnapshotTestCase/Core (2.1.4)
  - FBSnapshotTestCase/SwiftSupport (2.1.4):
    - FBSnapshotTestCase/Core
  - FunctionalViews (0.1.0)
  - KIF (3.7.1):
    - KIF/Core (= 3.7.1)
  - KIF-Quick (1.1.0):
    - KIF (~> 3.0)
    - Quick (~> 1.0)
  - KIF/Core (3.7.1)
  - KIF/IdentifierTests (3.7.1):
    - KIF/Core
  - Nimble (7.0.3)
  - Nimble-Snapshots (6.3.0):
    - Nimble-Snapshots/Core (= 6.3.0)
  - Nimble-Snapshots/Core (6.3.0):
    - FBSnapshotTestCase (~> 2.0)
    - Nimble (~> 7.0)
  - Quick (1.2.0)
  - SwiftLint (0.25.0)

DEPENDENCIES:
  - FunctionalViews (from `../`)
  - KIF (= 3.7.1)
  - KIF-Quick (~> 1.1.0)
  - KIF/IdentifierTests (= 3.7.1)
  - Nimble (= 7.0.3)
  - Nimble-Snapshots (= 6.3.0)
  - Quick (= 1.2.0)
  - SwiftLint

EXTERNAL SOURCES:
  FunctionalViews:
    :path: ../

SPEC CHECKSUMS:
  FBSnapshotTestCase: 094f9f314decbabe373b87cc339bea235a63e07a
  FunctionalViews: f1ce61fb2f07a285c1ba215e707dd5d201fb0227
  KIF: af73f6a04539bd205622c2e5ce5f910cc2123d4b
  KIF-Quick: da968bbfad615fd96c0d5eb4d8fd484ecdc26814
  Nimble: 7f5a9c447a33002645a071bddafbfb24ea70e0ac
  Nimble-Snapshots: f5459b5b091678dc942d03ec4741cacb58ba4a52
  Quick: 58d203b1c5e27fff7229c4c1ae445ad7069a7a08
  SwiftLint: e14651157288e9e01d6e1a71db7014fb5744a8ea

PODFILE CHECKSUM: 2985aea118f43dce39ae1985106ad4ae3c8879a4

COCOAPODS: 1.4.0
